// !$*UTF8*$!
{
	archiveVersion = 1;
	classes = {
	};
	objectVersion = 56;
	objects = {

/* Begin PBXBuildFile section */
		560EB3A52C111BF100268AA3 /* CharactersPresenter.swift in Sources */ = {isa = PBXBuildFile; fileRef = 560EB39F2C111BF100268AA3 /* CharactersPresenter.swift */; };
		560EB3A62C111BF100268AA3 /* CharactersRouter.swift in Sources */ = {isa = PBXBuildFile; fileRef = 560EB3A02C111BF100268AA3 /* CharactersRouter.swift */; };
		560EB3A72C111BF100268AA3 /* CharactersModels.swift in Sources */ = {isa = PBXBuildFile; fileRef = 560EB3A12C111BF100268AA3 /* CharactersModels.swift */; };
		560EB3A82C111BF100268AA3 /* CharactersViewController.swift in Sources */ = {isa = PBXBuildFile; fileRef = 560EB3A22C111BF100268AA3 /* CharactersViewController.swift */; };
		560EB3A92C111BF100268AA3 /* CharactersInteractor.swift in Sources */ = {isa = PBXBuildFile; fileRef = 560EB3A32C111BF100268AA3 /* CharactersInteractor.swift */; };
		560EB3AA2C111BF100268AA3 /* CharactersViewController.xib in Resources */ = {isa = PBXBuildFile; fileRef = 560EB3A42C111BF100268AA3 /* CharactersViewController.xib */; };
		560EB3B22C111C2A00268AA3 /* CharacterDetailsPresenter.swift in Sources */ = {isa = PBXBuildFile; fileRef = 560EB3AC2C111C2A00268AA3 /* CharacterDetailsPresenter.swift */; };
		560EB3B32C111C2A00268AA3 /* CharacterDetailsRouter.swift in Sources */ = {isa = PBXBuildFile; fileRef = 560EB3AD2C111C2A00268AA3 /* CharacterDetailsRouter.swift */; };
		560EB3B42C111C2A00268AA3 /* CharacterDetailsModels.swift in Sources */ = {isa = PBXBuildFile; fileRef = 560EB3AE2C111C2A00268AA3 /* CharacterDetailsModels.swift */; };
		560EB3B52C111C2A00268AA3 /* CharacterDetailsViewController.swift in Sources */ = {isa = PBXBuildFile; fileRef = 560EB3AF2C111C2A00268AA3 /* CharacterDetailsViewController.swift */; };
		560EB3B62C111C2A00268AA3 /* CharacterDetailsInteractor.swift in Sources */ = {isa = PBXBuildFile; fileRef = 560EB3B02C111C2A00268AA3 /* CharacterDetailsInteractor.swift */; };
		560EB3B72C111C2A00268AA3 /* CharacterDetailsViewController.xib in Resources */ = {isa = PBXBuildFile; fileRef = 560EB3B12C111C2A00268AA3 /* CharacterDetailsViewController.xib */; };
		560EB3BE2C111C4300268AA3 /* DashboardPresenter.swift in Sources */ = {isa = PBXBuildFile; fileRef = 560EB3B82C111C4300268AA3 /* DashboardPresenter.swift */; };
		560EB3BF2C111C4300268AA3 /* DashboardRouter.swift in Sources */ = {isa = PBXBuildFile; fileRef = 560EB3B92C111C4300268AA3 /* DashboardRouter.swift */; };
		560EB3C02C111C4300268AA3 /* DashboardModels.swift in Sources */ = {isa = PBXBuildFile; fileRef = 560EB3BA2C111C4300268AA3 /* DashboardModels.swift */; };
		560EB3C12C111C4300268AA3 /* DashboardViewController.swift in Sources */ = {isa = PBXBuildFile; fileRef = 560EB3BB2C111C4300268AA3 /* DashboardViewController.swift */; };
		560EB3C22C111C4300268AA3 /* DashboardInteractor.swift in Sources */ = {isa = PBXBuildFile; fileRef = 560EB3BC2C111C4300268AA3 /* DashboardInteractor.swift */; };
		560EB3C32C111C4300268AA3 /* DashboardViewController.xib in Resources */ = {isa = PBXBuildFile; fileRef = 560EB3BD2C111C4300268AA3 /* DashboardViewController.xib */; };
		560EB3C82C111DA700268AA3 /* Localizable.xcstrings in Resources */ = {isa = PBXBuildFile; fileRef = 560EB3C72C111DA700268AA3 /* Localizable.xcstrings */; };
		5625C4DA2C10643900ECC39E /* AppDelegate.swift in Sources */ = {isa = PBXBuildFile; fileRef = 5625C4D92C10643900ECC39E /* AppDelegate.swift */; };
		5625C4DC2C10643900ECC39E /* SceneDelegate.swift in Sources */ = {isa = PBXBuildFile; fileRef = 5625C4DB2C10643900ECC39E /* SceneDelegate.swift */; };
		5625C4E32C10643A00ECC39E /* Assets.xcassets in Resources */ = {isa = PBXBuildFile; fileRef = 5625C4E22C10643A00ECC39E /* Assets.xcassets */; };
		5625C4E62C10643A00ECC39E /* Base in Resources */ = {isa = PBXBuildFile; fileRef = 5625C4E52C10643A00ECC39E /* Base */; };
		5625C4F12C10643B00ECC39E /* SnakeJazzTests.swift in Sources */ = {isa = PBXBuildFile; fileRef = 5625C4F02C10643B00ECC39E /* SnakeJazzTests.swift */; };
		5625C4FB2C10643B00ECC39E /* SnakeJazzUITests.swift in Sources */ = {isa = PBXBuildFile; fileRef = 5625C4FA2C10643B00ECC39E /* SnakeJazzUITests.swift */; };
		5625C4FD2C10643B00ECC39E /* SnakeJazzUITestsLaunchTests.swift in Sources */ = {isa = PBXBuildFile; fileRef = 5625C4FC2C10643B00ECC39E /* SnakeJazzUITestsLaunchTests.swift */; };
		5625C51E2C10BF3900ECC39E /* UIViewControllerExtension.swift in Sources */ = {isa = PBXBuildFile; fileRef = 5625C51D2C10BF3900ECC39E /* UIViewControllerExtension.swift */; };
		5625C51F2C10BF3900ECC39E /* UIViewControllerExtension.swift in Sources */ = {isa = PBXBuildFile; fileRef = 5625C51D2C10BF3900ECC39E /* UIViewControllerExtension.swift */; };
		5625C5202C10BF3900ECC39E /* UIViewControllerExtension.swift in Sources */ = {isa = PBXBuildFile; fileRef = 5625C51D2C10BF3900ECC39E /* UIViewControllerExtension.swift */; };
		5695DF4E2C11A828007A710B /* Colors.swift in Sources */ = {isa = PBXBuildFile; fileRef = 5695DF4D2C11A828007A710B /* Colors.swift */; };
		5695DF502C11A95D007A710B /* UIColorExtension.swift in Sources */ = {isa = PBXBuildFile; fileRef = 5695DF4F2C11A95D007A710B /* UIColorExtension.swift */; };
		5695DF522C11AE0E007A710B /* Fonts.swift in Sources */ = {isa = PBXBuildFile; fileRef = 5695DF512C11AE0E007A710B /* Fonts.swift */; };
		5695DF582C11AECA007A710B /* get_schwifty.ttf in Resources */ = {isa = PBXBuildFile; fileRef = 5695DF572C11AECA007A710B /* get_schwifty.ttf */; };
		5695DF5A2C11B656007A710B /* FontUtils.swift in Sources */ = {isa = PBXBuildFile; fileRef = 5695DF592C11B656007A710B /* FontUtils.swift */; };
		5695DF5E2C120E5F007A710B /* DashboardMenuTableViewCell.swift in Sources */ = {isa = PBXBuildFile; fileRef = 5695DF5C2C120E5F007A710B /* DashboardMenuTableViewCell.swift */; };
		5695DF5F2C120E5F007A710B /* DashboardMenuTableViewCell.xib in Resources */ = {isa = PBXBuildFile; fileRef = 5695DF5D2C120E5F007A710B /* DashboardMenuTableViewCell.xib */; };
		5695DF612C1210BA007A710B /* UITableViewCellExtension.swift in Sources */ = {isa = PBXBuildFile; fileRef = 5695DF602C1210BA007A710B /* UITableViewCellExtension.swift */; };
		5695DF6A2C122EAE007A710B /* EpisodesPresenter.swift in Sources */ = {isa = PBXBuildFile; fileRef = 5695DF642C122EAE007A710B /* EpisodesPresenter.swift */; };
		5695DF6B2C122EAE007A710B /* EpisodesRouter.swift in Sources */ = {isa = PBXBuildFile; fileRef = 5695DF652C122EAE007A710B /* EpisodesRouter.swift */; };
		5695DF6C2C122EAE007A710B /* EpisodesModels.swift in Sources */ = {isa = PBXBuildFile; fileRef = 5695DF662C122EAE007A710B /* EpisodesModels.swift */; };
		5695DF6D2C122EAE007A710B /* EpisodesViewController.swift in Sources */ = {isa = PBXBuildFile; fileRef = 5695DF672C122EAE007A710B /* EpisodesViewController.swift */; };
		5695DF6E2C122EAE007A710B /* EpisodesInteractor.swift in Sources */ = {isa = PBXBuildFile; fileRef = 5695DF682C122EAE007A710B /* EpisodesInteractor.swift */; };
		5695DF6F2C122EAE007A710B /* EpisodesViewController.xib in Resources */ = {isa = PBXBuildFile; fileRef = 5695DF692C122EAE007A710B /* EpisodesViewController.xib */; };
		5695DF762C122EE9007A710B /* LocationsPresenter.swift in Sources */ = {isa = PBXBuildFile; fileRef = 5695DF702C122EE9007A710B /* LocationsPresenter.swift */; };
		5695DF772C122EE9007A710B /* LocationsRouter.swift in Sources */ = {isa = PBXBuildFile; fileRef = 5695DF712C122EE9007A710B /* LocationsRouter.swift */; };
		5695DF782C122EE9007A710B /* LocationsModels.swift in Sources */ = {isa = PBXBuildFile; fileRef = 5695DF722C122EE9007A710B /* LocationsModels.swift */; };
		5695DF792C122EE9007A710B /* LocationsViewController.swift in Sources */ = {isa = PBXBuildFile; fileRef = 5695DF732C122EE9007A710B /* LocationsViewController.swift */; };
		5695DF7A2C122EE9007A710B /* LocationsInteractor.swift in Sources */ = {isa = PBXBuildFile; fileRef = 5695DF742C122EE9007A710B /* LocationsInteractor.swift */; };
		5695DF7B2C122EE9007A710B /* LocationsViewController.xib in Resources */ = {isa = PBXBuildFile; fileRef = 5695DF752C122EE9007A710B /* LocationsViewController.xib */; };
		5695DF7D2C126216007A710B /* Client.swift in Sources */ = {isa = PBXBuildFile; fileRef = 5695DF7C2C126216007A710B /* Client.swift */; };
		5695DF812C12668D007A710B /* ResponseModel.swift in Sources */ = {isa = PBXBuildFile; fileRef = 5695DF802C12668D007A710B /* ResponseModel.swift */; };
		5695DF832C1269F4007A710B /* CharacterModel.swift in Sources */ = {isa = PBXBuildFile; fileRef = 5695DF822C1269F4007A710B /* CharacterModel.swift */; };
		5695DF852C126D8F007A710B /* ClientConstants.swift in Sources */ = {isa = PBXBuildFile; fileRef = 5695DF842C126D8F007A710B /* ClientConstants.swift */; };
		56C1F96E2C130C9800818169 /* PaginationView.swift in Sources */ = {isa = PBXBuildFile; fileRef = 56C1F96D2C130C9800818169 /* PaginationView.swift */; };
		56C1F9702C130CA200818169 /* PaginationView.xib in Resources */ = {isa = PBXBuildFile; fileRef = 56C1F96F2C130CA200818169 /* PaginationView.xib */; };
/* End PBXBuildFile section */

/* Begin PBXContainerItemProxy section */
		5625C4ED2C10643B00ECC39E /* PBXContainerItemProxy */ = {
			isa = PBXContainerItemProxy;
			containerPortal = 5625C4CE2C10643900ECC39E /* Project object */;
			proxyType = 1;
			remoteGlobalIDString = 5625C4D52C10643900ECC39E;
			remoteInfo = SnakeJazz;
		};
		5625C4F72C10643B00ECC39E /* PBXContainerItemProxy */ = {
			isa = PBXContainerItemProxy;
			containerPortal = 5625C4CE2C10643900ECC39E /* Project object */;
			proxyType = 1;
			remoteGlobalIDString = 5625C4D52C10643900ECC39E;
			remoteInfo = SnakeJazz;
		};
/* End PBXContainerItemProxy section */

/* Begin PBXFileReference section */
		560EB39F2C111BF100268AA3 /* CharactersPresenter.swift */ = {isa = PBXFileReference; lastKnownFileType = sourcecode.swift; path = CharactersPresenter.swift; sourceTree = "<group>"; };
		560EB3A02C111BF100268AA3 /* CharactersRouter.swift */ = {isa = PBXFileReference; lastKnownFileType = sourcecode.swift; path = CharactersRouter.swift; sourceTree = "<group>"; };
		560EB3A12C111BF100268AA3 /* CharactersModels.swift */ = {isa = PBXFileReference; lastKnownFileType = sourcecode.swift; path = CharactersModels.swift; sourceTree = "<group>"; };
		560EB3A22C111BF100268AA3 /* CharactersViewController.swift */ = {isa = PBXFileReference; lastKnownFileType = sourcecode.swift; path = CharactersViewController.swift; sourceTree = "<group>"; };
		560EB3A32C111BF100268AA3 /* CharactersInteractor.swift */ = {isa = PBXFileReference; lastKnownFileType = sourcecode.swift; path = CharactersInteractor.swift; sourceTree = "<group>"; };
		560EB3A42C111BF100268AA3 /* CharactersViewController.xib */ = {isa = PBXFileReference; lastKnownFileType = file.xib; path = CharactersViewController.xib; sourceTree = "<group>"; };
		560EB3AC2C111C2A00268AA3 /* CharacterDetailsPresenter.swift */ = {isa = PBXFileReference; lastKnownFileType = sourcecode.swift; path = CharacterDetailsPresenter.swift; sourceTree = "<group>"; };
		560EB3AD2C111C2A00268AA3 /* CharacterDetailsRouter.swift */ = {isa = PBXFileReference; lastKnownFileType = sourcecode.swift; path = CharacterDetailsRouter.swift; sourceTree = "<group>"; };
		560EB3AE2C111C2A00268AA3 /* CharacterDetailsModels.swift */ = {isa = PBXFileReference; lastKnownFileType = sourcecode.swift; path = CharacterDetailsModels.swift; sourceTree = "<group>"; };
		560EB3AF2C111C2A00268AA3 /* CharacterDetailsViewController.swift */ = {isa = PBXFileReference; lastKnownFileType = sourcecode.swift; path = CharacterDetailsViewController.swift; sourceTree = "<group>"; };
		560EB3B02C111C2A00268AA3 /* CharacterDetailsInteractor.swift */ = {isa = PBXFileReference; lastKnownFileType = sourcecode.swift; path = CharacterDetailsInteractor.swift; sourceTree = "<group>"; };
		560EB3B12C111C2A00268AA3 /* CharacterDetailsViewController.xib */ = {isa = PBXFileReference; lastKnownFileType = file.xib; path = CharacterDetailsViewController.xib; sourceTree = "<group>"; };
		560EB3B82C111C4300268AA3 /* DashboardPresenter.swift */ = {isa = PBXFileReference; lastKnownFileType = sourcecode.swift; path = DashboardPresenter.swift; sourceTree = "<group>"; };
		560EB3B92C111C4300268AA3 /* DashboardRouter.swift */ = {isa = PBXFileReference; lastKnownFileType = sourcecode.swift; path = DashboardRouter.swift; sourceTree = "<group>"; };
		560EB3BA2C111C4300268AA3 /* DashboardModels.swift */ = {isa = PBXFileReference; lastKnownFileType = sourcecode.swift; path = DashboardModels.swift; sourceTree = "<group>"; };
		560EB3BB2C111C4300268AA3 /* DashboardViewController.swift */ = {isa = PBXFileReference; lastKnownFileType = sourcecode.swift; path = DashboardViewController.swift; sourceTree = "<group>"; };
		560EB3BC2C111C4300268AA3 /* DashboardInteractor.swift */ = {isa = PBXFileReference; lastKnownFileType = sourcecode.swift; path = DashboardInteractor.swift; sourceTree = "<group>"; };
		560EB3BD2C111C4300268AA3 /* DashboardViewController.xib */ = {isa = PBXFileReference; lastKnownFileType = file.xib; path = DashboardViewController.xib; sourceTree = "<group>"; };
		560EB3C62C111D4000268AA3 /* es */ = {isa = PBXFileReference; lastKnownFileType = text.plist.strings; name = es; path = es.lproj/LaunchScreen.strings; sourceTree = "<group>"; };
		560EB3C72C111DA700268AA3 /* Localizable.xcstrings */ = {isa = PBXFileReference; lastKnownFileType = text.json.xcstrings; path = Localizable.xcstrings; sourceTree = "<group>"; };
		5625C4D62C10643900ECC39E /* SnakeJazz.app */ = {isa = PBXFileReference; explicitFileType = wrapper.application; includeInIndex = 0; path = SnakeJazz.app; sourceTree = BUILT_PRODUCTS_DIR; };
		5625C4D92C10643900ECC39E /* AppDelegate.swift */ = {isa = PBXFileReference; lastKnownFileType = sourcecode.swift; path = AppDelegate.swift; sourceTree = "<group>"; };
		5625C4DB2C10643900ECC39E /* SceneDelegate.swift */ = {isa = PBXFileReference; lastKnownFileType = sourcecode.swift; path = SceneDelegate.swift; sourceTree = "<group>"; };
		5625C4E22C10643A00ECC39E /* Assets.xcassets */ = {isa = PBXFileReference; lastKnownFileType = folder.assetcatalog; path = Assets.xcassets; sourceTree = "<group>"; };
		5625C4E52C10643A00ECC39E /* Base */ = {isa = PBXFileReference; lastKnownFileType = file.storyboard; name = Base; path = Base.lproj/LaunchScreen.storyboard; sourceTree = "<group>"; };
		5625C4E72C10643A00ECC39E /* Info.plist */ = {isa = PBXFileReference; lastKnownFileType = text.plist.xml; path = Info.plist; sourceTree = "<group>"; };
		5625C4EC2C10643B00ECC39E /* SnakeJazzTests.xctest */ = {isa = PBXFileReference; explicitFileType = wrapper.cfbundle; includeInIndex = 0; path = SnakeJazzTests.xctest; sourceTree = BUILT_PRODUCTS_DIR; };
		5625C4F02C10643B00ECC39E /* SnakeJazzTests.swift */ = {isa = PBXFileReference; lastKnownFileType = sourcecode.swift; path = SnakeJazzTests.swift; sourceTree = "<group>"; };
		5625C4F62C10643B00ECC39E /* SnakeJazzUITests.xctest */ = {isa = PBXFileReference; explicitFileType = wrapper.cfbundle; includeInIndex = 0; path = SnakeJazzUITests.xctest; sourceTree = BUILT_PRODUCTS_DIR; };
		5625C4FA2C10643B00ECC39E /* SnakeJazzUITests.swift */ = {isa = PBXFileReference; lastKnownFileType = sourcecode.swift; path = SnakeJazzUITests.swift; sourceTree = "<group>"; };
		5625C4FC2C10643B00ECC39E /* SnakeJazzUITestsLaunchTests.swift */ = {isa = PBXFileReference; lastKnownFileType = sourcecode.swift; path = SnakeJazzUITestsLaunchTests.swift; sourceTree = "<group>"; };
		5625C51D2C10BF3900ECC39E /* UIViewControllerExtension.swift */ = {isa = PBXFileReference; lastKnownFileType = sourcecode.swift; path = UIViewControllerExtension.swift; sourceTree = "<group>"; };
		5695DF4D2C11A828007A710B /* Colors.swift */ = {isa = PBXFileReference; lastKnownFileType = sourcecode.swift; path = Colors.swift; sourceTree = "<group>"; };
		5695DF4F2C11A95D007A710B /* UIColorExtension.swift */ = {isa = PBXFileReference; lastKnownFileType = sourcecode.swift; path = UIColorExtension.swift; sourceTree = "<group>"; };
		5695DF512C11AE0E007A710B /* Fonts.swift */ = {isa = PBXFileReference; lastKnownFileType = sourcecode.swift; path = Fonts.swift; sourceTree = "<group>"; };
		5695DF572C11AECA007A710B /* get_schwifty.ttf */ = {isa = PBXFileReference; lastKnownFileType = file; path = get_schwifty.ttf; sourceTree = "<group>"; };
		5695DF592C11B656007A710B /* FontUtils.swift */ = {isa = PBXFileReference; lastKnownFileType = sourcecode.swift; path = FontUtils.swift; sourceTree = "<group>"; };
		5695DF5C2C120E5F007A710B /* DashboardMenuTableViewCell.swift */ = {isa = PBXFileReference; lastKnownFileType = sourcecode.swift; path = DashboardMenuTableViewCell.swift; sourceTree = "<group>"; };
		5695DF5D2C120E5F007A710B /* DashboardMenuTableViewCell.xib */ = {isa = PBXFileReference; lastKnownFileType = file.xib; path = DashboardMenuTableViewCell.xib; sourceTree = "<group>"; };
		5695DF602C1210BA007A710B /* UITableViewCellExtension.swift */ = {isa = PBXFileReference; lastKnownFileType = sourcecode.swift; path = UITableViewCellExtension.swift; sourceTree = "<group>"; };
		5695DF642C122EAE007A710B /* EpisodesPresenter.swift */ = {isa = PBXFileReference; lastKnownFileType = sourcecode.swift; path = EpisodesPresenter.swift; sourceTree = "<group>"; };
		5695DF652C122EAE007A710B /* EpisodesRouter.swift */ = {isa = PBXFileReference; lastKnownFileType = sourcecode.swift; path = EpisodesRouter.swift; sourceTree = "<group>"; };
		5695DF662C122EAE007A710B /* EpisodesModels.swift */ = {isa = PBXFileReference; lastKnownFileType = sourcecode.swift; path = EpisodesModels.swift; sourceTree = "<group>"; };
		5695DF672C122EAE007A710B /* EpisodesViewController.swift */ = {isa = PBXFileReference; lastKnownFileType = sourcecode.swift; path = EpisodesViewController.swift; sourceTree = "<group>"; };
		5695DF682C122EAE007A710B /* EpisodesInteractor.swift */ = {isa = PBXFileReference; lastKnownFileType = sourcecode.swift; path = EpisodesInteractor.swift; sourceTree = "<group>"; };
		5695DF692C122EAE007A710B /* EpisodesViewController.xib */ = {isa = PBXFileReference; lastKnownFileType = file.xib; path = EpisodesViewController.xib; sourceTree = "<group>"; };
		5695DF702C122EE9007A710B /* LocationsPresenter.swift */ = {isa = PBXFileReference; lastKnownFileType = sourcecode.swift; path = LocationsPresenter.swift; sourceTree = "<group>"; };
		5695DF712C122EE9007A710B /* LocationsRouter.swift */ = {isa = PBXFileReference; lastKnownFileType = sourcecode.swift; path = LocationsRouter.swift; sourceTree = "<group>"; };
		5695DF722C122EE9007A710B /* LocationsModels.swift */ = {isa = PBXFileReference; lastKnownFileType = sourcecode.swift; path = LocationsModels.swift; sourceTree = "<group>"; };
		5695DF732C122EE9007A710B /* LocationsViewController.swift */ = {isa = PBXFileReference; lastKnownFileType = sourcecode.swift; path = LocationsViewController.swift; sourceTree = "<group>"; };
		5695DF742C122EE9007A710B /* LocationsInteractor.swift */ = {isa = PBXFileReference; lastKnownFileType = sourcecode.swift; path = LocationsInteractor.swift; sourceTree = "<group>"; };
		5695DF752C122EE9007A710B /* LocationsViewController.xib */ = {isa = PBXFileReference; lastKnownFileType = file.xib; path = LocationsViewController.xib; sourceTree = "<group>"; };
		5695DF7C2C126216007A710B /* Client.swift */ = {isa = PBXFileReference; lastKnownFileType = sourcecode.swift; path = Client.swift; sourceTree = "<group>"; };
		5695DF802C12668D007A710B /* ResponseModel.swift */ = {isa = PBXFileReference; lastKnownFileType = sourcecode.swift; path = ResponseModel.swift; sourceTree = "<group>"; };
		5695DF822C1269F4007A710B /* CharacterModel.swift */ = {isa = PBXFileReference; lastKnownFileType = sourcecode.swift; path = CharacterModel.swift; sourceTree = "<group>"; };
		5695DF842C126D8F007A710B /* ClientConstants.swift */ = {isa = PBXFileReference; lastKnownFileType = sourcecode.swift; path = ClientConstants.swift; sourceTree = "<group>"; };
		56C1F96D2C130C9800818169 /* PaginationView.swift */ = {isa = PBXFileReference; lastKnownFileType = sourcecode.swift; path = PaginationView.swift; sourceTree = "<group>"; };
		56C1F96F2C130CA200818169 /* PaginationView.xib */ = {isa = PBXFileReference; lastKnownFileType = file.xib; path = PaginationView.xib; sourceTree = "<group>"; };
/* End PBXFileReference section */

/* Begin PBXFrameworksBuildPhase section */
		5625C4D32C10643900ECC39E /* Frameworks */ = {
			isa = PBXFrameworksBuildPhase;
			buildActionMask = 2147483647;
			files = (
			);
			runOnlyForDeploymentPostprocessing = 0;
		};
		5625C4E92C10643B00ECC39E /* Frameworks */ = {
			isa = PBXFrameworksBuildPhase;
			buildActionMask = 2147483647;
			files = (
			);
			runOnlyForDeploymentPostprocessing = 0;
		};
		5625C4F32C10643B00ECC39E /* Frameworks */ = {
			isa = PBXFrameworksBuildPhase;
			buildActionMask = 2147483647;
			files = (
			);
			runOnlyForDeploymentPostprocessing = 0;
		};
/* End PBXFrameworksBuildPhase section */

/* Begin PBXGroup section */
		560EB3AB2C111C1100268AA3 /* Character Details */ = {
			isa = PBXGroup;
			children = (
				560EB3AC2C111C2A00268AA3 /* CharacterDetailsPresenter.swift */,
				560EB3AD2C111C2A00268AA3 /* CharacterDetailsRouter.swift */,
				560EB3AE2C111C2A00268AA3 /* CharacterDetailsModels.swift */,
				560EB3AF2C111C2A00268AA3 /* CharacterDetailsViewController.swift */,
				560EB3B02C111C2A00268AA3 /* CharacterDetailsInteractor.swift */,
				560EB3B12C111C2A00268AA3 /* CharacterDetailsViewController.xib */,
			);
			path = "Character Details";
			sourceTree = "<group>";
		};
		560EB3C42C111C9C00268AA3 /* Assets */ = {
			isa = PBXGroup;
			children = (
				5625C4E22C10643A00ECC39E /* Assets.xcassets */,
			);
			path = Assets;
			sourceTree = "<group>";
		};
		5625C4CD2C10643900ECC39E = {
			isa = PBXGroup;
			children = (
				560EB3C72C111DA700268AA3 /* Localizable.xcstrings */,
				5625C4D82C10643900ECC39E /* SnakeJazz */,
				5625C4EF2C10643B00ECC39E /* SnakeJazzTests */,
				5625C4F92C10643B00ECC39E /* SnakeJazzUITests */,
				5625C4D72C10643900ECC39E /* Products */,
			);
			sourceTree = "<group>";
		};
		5625C4D72C10643900ECC39E /* Products */ = {
			isa = PBXGroup;
			children = (
				5625C4D62C10643900ECC39E /* SnakeJazz.app */,
				5625C4EC2C10643B00ECC39E /* SnakeJazzTests.xctest */,
				5625C4F62C10643B00ECC39E /* SnakeJazzUITests.xctest */,
			);
			name = Products;
			sourceTree = "<group>";
		};
		5625C4D82C10643900ECC39E /* SnakeJazz */ = {
			isa = PBXGroup;
			children = (
				56C1F96B2C130C6B00818169 /* UI Components */,
				5695DF552C11AE8A007A710B /* Fonts */,
				5695DF4C2C11A809007A710B /* Constants */,
				560EB3C42C111C9C00268AA3 /* Assets */,
				5625C50E2C10AB0700ECC39E /* Utils */,
				5625C50D2C10AAF100ECC39E /* Scenes */,
				5625C50B2C10AA9E00ECC39E /* Client */,
				5625C50A2C10AA9600ECC39E /* Managers */,
				5625C5092C10AA8B00ECC39E /* Extensions */,
				5625C4D92C10643900ECC39E /* AppDelegate.swift */,
				5625C4DB2C10643900ECC39E /* SceneDelegate.swift */,
				5625C4E42C10643A00ECC39E /* LaunchScreen.storyboard */,
				5625C4E72C10643A00ECC39E /* Info.plist */,
			);
			path = SnakeJazz;
			sourceTree = "<group>";
		};
		5625C4EF2C10643B00ECC39E /* SnakeJazzTests */ = {
			isa = PBXGroup;
			children = (
				5625C4F02C10643B00ECC39E /* SnakeJazzTests.swift */,
			);
			path = SnakeJazzTests;
			sourceTree = "<group>";
		};
		5625C4F92C10643B00ECC39E /* SnakeJazzUITests */ = {
			isa = PBXGroup;
			children = (
				5625C4FA2C10643B00ECC39E /* SnakeJazzUITests.swift */,
				5625C4FC2C10643B00ECC39E /* SnakeJazzUITestsLaunchTests.swift */,
			);
			path = SnakeJazzUITests;
			sourceTree = "<group>";
		};
		5625C5092C10AA8B00ECC39E /* Extensions */ = {
			isa = PBXGroup;
			children = (
				5625C51D2C10BF3900ECC39E /* UIViewControllerExtension.swift */,
				5695DF4F2C11A95D007A710B /* UIColorExtension.swift */,
				5695DF602C1210BA007A710B /* UITableViewCellExtension.swift */,
			);
			path = Extensions;
			sourceTree = "<group>";
		};
		5625C50A2C10AA9600ECC39E /* Managers */ = {
			isa = PBXGroup;
			children = (
			);
			path = Managers;
			sourceTree = "<group>";
		};
		5625C50B2C10AA9E00ECC39E /* Client */ = {
			isa = PBXGroup;
			children = (
				5625C50C2C10AADB00ECC39E /* Models */,
				5695DF7C2C126216007A710B /* Client.swift */,
				5695DF842C126D8F007A710B /* ClientConstants.swift */,
			);
			path = Client;
			sourceTree = "<group>";
		};
		5625C50C2C10AADB00ECC39E /* Models */ = {
			isa = PBXGroup;
			children = (
				5695DF802C12668D007A710B /* ResponseModel.swift */,
				5695DF822C1269F4007A710B /* CharacterModel.swift */,
			);
			path = Models;
			sourceTree = "<group>";
		};
		5625C50D2C10AAF100ECC39E /* Scenes */ = {
			isa = PBXGroup;
			children = (
				5695DF632C122E7F007A710B /* Episodes */,
				5695DF622C122E7A007A710B /* Locations */,
				560EB3AB2C111C1100268AA3 /* Character Details */,
				562E91842C111B7A004971C5 /* Characters */,
				5625C51C2C10BD8800ECC39E /* Splash */,
				5625C50F2C10AB1500ECC39E /* Dashboard */,
			);
			path = Scenes;
			sourceTree = "<group>";
		};
		5625C50E2C10AB0700ECC39E /* Utils */ = {
			isa = PBXGroup;
			children = (
				5695DF592C11B656007A710B /* FontUtils.swift */,
			);
			path = Utils;
			sourceTree = "<group>";
		};
		5625C50F2C10AB1500ECC39E /* Dashboard */ = {
			isa = PBXGroup;
			children = (
				5695DF5B2C120E3C007A710B /* Menu Cell */,
				560EB3B82C111C4300268AA3 /* DashboardPresenter.swift */,
				560EB3B92C111C4300268AA3 /* DashboardRouter.swift */,
				560EB3BA2C111C4300268AA3 /* DashboardModels.swift */,
				560EB3BB2C111C4300268AA3 /* DashboardViewController.swift */,
				560EB3BC2C111C4300268AA3 /* DashboardInteractor.swift */,
				560EB3BD2C111C4300268AA3 /* DashboardViewController.xib */,
			);
			path = Dashboard;
			sourceTree = "<group>";
		};
		5625C51C2C10BD8800ECC39E /* Splash */ = {
			isa = PBXGroup;
			children = (
			);
			path = Splash;
			sourceTree = "<group>";
		};
		562E91842C111B7A004971C5 /* Characters */ = {
			isa = PBXGroup;
			children = (
				560EB39F2C111BF100268AA3 /* CharactersPresenter.swift */,
				560EB3A02C111BF100268AA3 /* CharactersRouter.swift */,
				560EB3A12C111BF100268AA3 /* CharactersModels.swift */,
				560EB3A22C111BF100268AA3 /* CharactersViewController.swift */,
				560EB3A32C111BF100268AA3 /* CharactersInteractor.swift */,
				560EB3A42C111BF100268AA3 /* CharactersViewController.xib */,
			);
			path = Characters;
			sourceTree = "<group>";
		};
		5695DF4C2C11A809007A710B /* Constants */ = {
			isa = PBXGroup;
			children = (
				5695DF4D2C11A828007A710B /* Colors.swift */,
				5695DF512C11AE0E007A710B /* Fonts.swift */,
			);
			path = Constants;
			sourceTree = "<group>";
		};
		5695DF552C11AE8A007A710B /* Fonts */ = {
			isa = PBXGroup;
			children = (
				5695DF572C11AECA007A710B /* get_schwifty.ttf */,
			);
			path = Fonts;
			sourceTree = "<group>";
		};
		5695DF5B2C120E3C007A710B /* Menu Cell */ = {
			isa = PBXGroup;
			children = (
				5695DF5C2C120E5F007A710B /* DashboardMenuTableViewCell.swift */,
				5695DF5D2C120E5F007A710B /* DashboardMenuTableViewCell.xib */,
			);
			path = "Menu Cell";
			sourceTree = "<group>";
		};
		5695DF622C122E7A007A710B /* Locations */ = {
			isa = PBXGroup;
			children = (
				5695DF702C122EE9007A710B /* LocationsPresenter.swift */,
				5695DF712C122EE9007A710B /* LocationsRouter.swift */,
				5695DF722C122EE9007A710B /* LocationsModels.swift */,
				5695DF732C122EE9007A710B /* LocationsViewController.swift */,
				5695DF742C122EE9007A710B /* LocationsInteractor.swift */,
				5695DF752C122EE9007A710B /* LocationsViewController.xib */,
			);
			path = Locations;
			sourceTree = "<group>";
		};
		5695DF632C122E7F007A710B /* Episodes */ = {
			isa = PBXGroup;
			children = (
				5695DF642C122EAE007A710B /* EpisodesPresenter.swift */,
				5695DF652C122EAE007A710B /* EpisodesRouter.swift */,
				5695DF662C122EAE007A710B /* EpisodesModels.swift */,
				5695DF672C122EAE007A710B /* EpisodesViewController.swift */,
				5695DF682C122EAE007A710B /* EpisodesInteractor.swift */,
				5695DF692C122EAE007A710B /* EpisodesViewController.xib */,
			);
			path = Episodes;
			sourceTree = "<group>";
		};
		56C1F96B2C130C6B00818169 /* UI Components */ = {
			isa = PBXGroup;
			children = (
				56C1F96C2C130C7800818169 /* Pagination View */,
			);
			path = "UI Components";
			sourceTree = "<group>";
		};
		56C1F96C2C130C7800818169 /* Pagination View */ = {
			isa = PBXGroup;
			children = (
				56C1F96D2C130C9800818169 /* PaginationView.swift */,
				56C1F96F2C130CA200818169 /* PaginationView.xib */,
			);
			path = "Pagination View";
			sourceTree = "<group>";
		};
/* End PBXGroup section */

/* Begin PBXNativeTarget section */
		5625C4D52C10643900ECC39E /* SnakeJazz */ = {
			isa = PBXNativeTarget;
			buildConfigurationList = 5625C5002C10643B00ECC39E /* Build configuration list for PBXNativeTarget "SnakeJazz" */;
			buildPhases = (
				5625C4D22C10643900ECC39E /* Sources */,
				5625C4D32C10643900ECC39E /* Frameworks */,
				5625C4D42C10643900ECC39E /* Resources */,
			);
			buildRules = (
			);
			dependencies = (
			);
			name = SnakeJazz;
			productName = SnakeJazz;
			productReference = 5625C4D62C10643900ECC39E /* SnakeJazz.app */;
			productType = "com.apple.product-type.application";
		};
		5625C4EB2C10643B00ECC39E /* SnakeJazzTests */ = {
			isa = PBXNativeTarget;
			buildConfigurationList = 5625C5032C10643B00ECC39E /* Build configuration list for PBXNativeTarget "SnakeJazzTests" */;
			buildPhases = (
				5625C4E82C10643B00ECC39E /* Sources */,
				5625C4E92C10643B00ECC39E /* Frameworks */,
				5625C4EA2C10643B00ECC39E /* Resources */,
			);
			buildRules = (
			);
			dependencies = (
				5625C4EE2C10643B00ECC39E /* PBXTargetDependency */,
			);
			name = SnakeJazzTests;
			productName = SnakeJazzTests;
			productReference = 5625C4EC2C10643B00ECC39E /* SnakeJazzTests.xctest */;
			productType = "com.apple.product-type.bundle.unit-test";
		};
		5625C4F52C10643B00ECC39E /* SnakeJazzUITests */ = {
			isa = PBXNativeTarget;
			buildConfigurationList = 5625C5062C10643B00ECC39E /* Build configuration list for PBXNativeTarget "SnakeJazzUITests" */;
			buildPhases = (
				5625C4F22C10643B00ECC39E /* Sources */,
				5625C4F32C10643B00ECC39E /* Frameworks */,
				5625C4F42C10643B00ECC39E /* Resources */,
			);
			buildRules = (
			);
			dependencies = (
				5625C4F82C10643B00ECC39E /* PBXTargetDependency */,
			);
			name = SnakeJazzUITests;
			productName = SnakeJazzUITests;
			productReference = 5625C4F62C10643B00ECC39E /* SnakeJazzUITests.xctest */;
			productType = "com.apple.product-type.bundle.ui-testing";
		};
/* End PBXNativeTarget section */

/* Begin PBXProject section */
		5625C4CE2C10643900ECC39E /* Project object */ = {
			isa = PBXProject;
			attributes = {
				BuildIndependentTargetsInParallel = 1;
				LastSwiftUpdateCheck = 1530;
				LastUpgradeCheck = 1530;
				TargetAttributes = {
					5625C4D52C10643900ECC39E = {
						CreatedOnToolsVersion = 15.3;
					};
					5625C4EB2C10643B00ECC39E = {
						CreatedOnToolsVersion = 15.3;
						TestTargetID = 5625C4D52C10643900ECC39E;
					};
					5625C4F52C10643B00ECC39E = {
						CreatedOnToolsVersion = 15.3;
						TestTargetID = 5625C4D52C10643900ECC39E;
					};
				};
			};
			buildConfigurationList = 5625C4D12C10643900ECC39E /* Build configuration list for PBXProject "SnakeJazz" */;
			compatibilityVersion = "Xcode 14.0";
			developmentRegion = en;
			hasScannedForEncodings = 0;
			knownRegions = (
				en,
				Base,
				es,
			);
			mainGroup = 5625C4CD2C10643900ECC39E;
			productRefGroup = 5625C4D72C10643900ECC39E /* Products */;
			projectDirPath = "";
			projectRoot = "";
			targets = (
				5625C4D52C10643900ECC39E /* SnakeJazz */,
				5625C4EB2C10643B00ECC39E /* SnakeJazzTests */,
				5625C4F52C10643B00ECC39E /* SnakeJazzUITests */,
			);
		};
/* End PBXProject section */

/* Begin PBXResourcesBuildPhase section */
		5625C4D42C10643900ECC39E /* Resources */ = {
			isa = PBXResourcesBuildPhase;
			buildActionMask = 2147483647;
			files = (
				560EB3AA2C111BF100268AA3 /* CharactersViewController.xib in Resources */,
				560EB3B72C111C2A00268AA3 /* CharacterDetailsViewController.xib in Resources */,
				560EB3C82C111DA700268AA3 /* Localizable.xcstrings in Resources */,
				56C1F9702C130CA200818169 /* PaginationView.xib in Resources */,
				5625C4E32C10643A00ECC39E /* Assets.xcassets in Resources */,
				5625C4E62C10643A00ECC39E /* Base in Resources */,
				5695DF7B2C122EE9007A710B /* LocationsViewController.xib in Resources */,
				5695DF582C11AECA007A710B /* get_schwifty.ttf in Resources */,
				560EB3C32C111C4300268AA3 /* DashboardViewController.xib in Resources */,
				5695DF6F2C122EAE007A710B /* EpisodesViewController.xib in Resources */,
				5695DF5F2C120E5F007A710B /* DashboardMenuTableViewCell.xib in Resources */,
			);
			runOnlyForDeploymentPostprocessing = 0;
		};
		5625C4EA2C10643B00ECC39E /* Resources */ = {
			isa = PBXResourcesBuildPhase;
			buildActionMask = 2147483647;
			files = (
			);
			runOnlyForDeploymentPostprocessing = 0;
		};
		5625C4F42C10643B00ECC39E /* Resources */ = {
			isa = PBXResourcesBuildPhase;
			buildActionMask = 2147483647;
			files = (
			);
			runOnlyForDeploymentPostprocessing = 0;
		};
/* End PBXResourcesBuildPhase section */

/* Begin PBXSourcesBuildPhase section */
		5625C4D22C10643900ECC39E /* Sources */ = {
			isa = PBXSourcesBuildPhase;
			buildActionMask = 2147483647;
			files = (
				5625C4DA2C10643900ECC39E /* AppDelegate.swift in Sources */,
				5625C4DC2C10643900ECC39E /* SceneDelegate.swift in Sources */,
				5625C51E2C10BF3900ECC39E /* UIViewControllerExtension.swift in Sources */,
				560EB3A52C111BF100268AA3 /* CharactersPresenter.swift in Sources */,
				560EB3A62C111BF100268AA3 /* CharactersRouter.swift in Sources */,
				5695DF832C1269F4007A710B /* CharacterModel.swift in Sources */,
				5695DF6A2C122EAE007A710B /* EpisodesPresenter.swift in Sources */,
				5695DF6B2C122EAE007A710B /* EpisodesRouter.swift in Sources */,
				5695DF6C2C122EAE007A710B /* EpisodesModels.swift in Sources */,
				5695DF7D2C126216007A710B /* Client.swift in Sources */,
				5695DF762C122EE9007A710B /* LocationsPresenter.swift in Sources */,
				5695DF772C122EE9007A710B /* LocationsRouter.swift in Sources */,
				5695DF782C122EE9007A710B /* LocationsModels.swift in Sources */,
				5695DF852C126D8F007A710B /* ClientConstants.swift in Sources */,
				5695DF792C122EE9007A710B /* LocationsViewController.swift in Sources */,
				5695DF7A2C122EE9007A710B /* LocationsInteractor.swift in Sources */,
				5695DF6D2C122EAE007A710B /* EpisodesViewController.swift in Sources */,
				5695DF6E2C122EAE007A710B /* EpisodesInteractor.swift in Sources */,
				560EB3A72C111BF100268AA3 /* CharactersModels.swift in Sources */,
				5695DF5A2C11B656007A710B /* FontUtils.swift in Sources */,
				560EB3B22C111C2A00268AA3 /* CharacterDetailsPresenter.swift in Sources */,
				5695DF522C11AE0E007A710B /* Fonts.swift in Sources */,
				5695DF502C11A95D007A710B /* UIColorExtension.swift in Sources */,
				560EB3B32C111C2A00268AA3 /* CharacterDetailsRouter.swift in Sources */,
				56C1F96E2C130C9800818169 /* PaginationView.swift in Sources */,
				560EB3BE2C111C4300268AA3 /* DashboardPresenter.swift in Sources */,
				560EB3BF2C111C4300268AA3 /* DashboardRouter.swift in Sources */,
				560EB3C02C111C4300268AA3 /* DashboardModels.swift in Sources */,
				5695DF5E2C120E5F007A710B /* DashboardMenuTableViewCell.swift in Sources */,
				5695DF812C12668D007A710B /* ResponseModel.swift in Sources */,
				5695DF612C1210BA007A710B /* UITableViewCellExtension.swift in Sources */,
				5695DF4E2C11A828007A710B /* Colors.swift in Sources */,
				560EB3C12C111C4300268AA3 /* DashboardViewController.swift in Sources */,
				560EB3C22C111C4300268AA3 /* DashboardInteractor.swift in Sources */,
				560EB3B42C111C2A00268AA3 /* CharacterDetailsModels.swift in Sources */,
				560EB3B52C111C2A00268AA3 /* CharacterDetailsViewController.swift in Sources */,
				560EB3B62C111C2A00268AA3 /* CharacterDetailsInteractor.swift in Sources */,
				560EB3A82C111BF100268AA3 /* CharactersViewController.swift in Sources */,
				560EB3A92C111BF100268AA3 /* CharactersInteractor.swift in Sources */,
			);
			runOnlyForDeploymentPostprocessing = 0;
		};
		5625C4E82C10643B00ECC39E /* Sources */ = {
			isa = PBXSourcesBuildPhase;
			buildActionMask = 2147483647;
			files = (
				5625C4F12C10643B00ECC39E /* SnakeJazzTests.swift in Sources */,
				5625C51F2C10BF3900ECC39E /* UIViewControllerExtension.swift in Sources */,
			);
			runOnlyForDeploymentPostprocessing = 0;
		};
		5625C4F22C10643B00ECC39E /* Sources */ = {
			isa = PBXSourcesBuildPhase;
			buildActionMask = 2147483647;
			files = (
				5625C5202C10BF3900ECC39E /* UIViewControllerExtension.swift in Sources */,
				5625C4FD2C10643B00ECC39E /* SnakeJazzUITestsLaunchTests.swift in Sources */,
				5625C4FB2C10643B00ECC39E /* SnakeJazzUITests.swift in Sources */,
			);
			runOnlyForDeploymentPostprocessing = 0;
		};
/* End PBXSourcesBuildPhase section */

/* Begin PBXTargetDependency section */
		5625C4EE2C10643B00ECC39E /* PBXTargetDependency */ = {
			isa = PBXTargetDependency;
			target = 5625C4D52C10643900ECC39E /* SnakeJazz */;
			targetProxy = 5625C4ED2C10643B00ECC39E /* PBXContainerItemProxy */;
		};
		5625C4F82C10643B00ECC39E /* PBXTargetDependency */ = {
			isa = PBXTargetDependency;
			target = 5625C4D52C10643900ECC39E /* SnakeJazz */;
			targetProxy = 5625C4F72C10643B00ECC39E /* PBXContainerItemProxy */;
		};
/* End PBXTargetDependency section */

/* Begin PBXVariantGroup section */
		5625C4E42C10643A00ECC39E /* LaunchScreen.storyboard */ = {
			isa = PBXVariantGroup;
			children = (
				5625C4E52C10643A00ECC39E /* Base */,
				560EB3C62C111D4000268AA3 /* es */,
			);
			name = LaunchScreen.storyboard;
			sourceTree = "<group>";
		};
/* End PBXVariantGroup section */

/* Begin XCBuildConfiguration section */
		5625C4FE2C10643B00ECC39E /* Debug */ = {
			isa = XCBuildConfiguration;
			buildSettings = {
				ALWAYS_SEARCH_USER_PATHS = NO;
				ASSETCATALOG_COMPILER_GENERATE_SWIFT_ASSET_SYMBOL_EXTENSIONS = YES;
				CLANG_ANALYZER_LOCALIZABILITY_NONLOCALIZED = YES;
				CLANG_ANALYZER_NONNULL = YES;
				CLANG_ANALYZER_NUMBER_OBJECT_CONVERSION = YES_AGGRESSIVE;
				CLANG_CXX_LANGUAGE_STANDARD = "gnu++20";
				CLANG_ENABLE_MODULES = YES;
				CLANG_ENABLE_OBJC_ARC = YES;
				CLANG_ENABLE_OBJC_WEAK = YES;
				CLANG_WARN_BLOCK_CAPTURE_AUTORELEASING = YES;
				CLANG_WARN_BOOL_CONVERSION = YES;
				CLANG_WARN_COMMA = YES;
				CLANG_WARN_CONSTANT_CONVERSION = YES;
				CLANG_WARN_DEPRECATED_OBJC_IMPLEMENTATIONS = YES;
				CLANG_WARN_DIRECT_OBJC_ISA_USAGE = YES_ERROR;
				CLANG_WARN_DOCUMENTATION_COMMENTS = YES;
				CLANG_WARN_EMPTY_BODY = YES;
				CLANG_WARN_ENUM_CONVERSION = YES;
				CLANG_WARN_INFINITE_RECURSION = YES;
				CLANG_WARN_INT_CONVERSION = YES;
				CLANG_WARN_NON_LITERAL_NULL_CONVERSION = YES;
				CLANG_WARN_OBJC_IMPLICIT_RETAIN_SELF = YES;
				CLANG_WARN_OBJC_LITERAL_CONVERSION = YES;
				CLANG_WARN_OBJC_ROOT_CLASS = YES_ERROR;
				CLANG_WARN_QUOTED_INCLUDE_IN_FRAMEWORK_HEADER = YES;
				CLANG_WARN_RANGE_LOOP_ANALYSIS = YES;
				CLANG_WARN_STRICT_PROTOTYPES = YES;
				CLANG_WARN_SUSPICIOUS_MOVE = YES;
				CLANG_WARN_UNGUARDED_AVAILABILITY = YES_AGGRESSIVE;
				CLANG_WARN_UNREACHABLE_CODE = YES;
				CLANG_WARN__DUPLICATE_METHOD_MATCH = YES;
				COPY_PHASE_STRIP = NO;
				DEBUG_INFORMATION_FORMAT = dwarf;
				ENABLE_STRICT_OBJC_MSGSEND = YES;
				ENABLE_TESTABILITY = YES;
				ENABLE_USER_SCRIPT_SANDBOXING = YES;
				GCC_C_LANGUAGE_STANDARD = gnu17;
				GCC_DYNAMIC_NO_PIC = NO;
				GCC_NO_COMMON_BLOCKS = YES;
				GCC_OPTIMIZATION_LEVEL = 0;
				GCC_PREPROCESSOR_DEFINITIONS = (
					"DEBUG=1",
					"$(inherited)",
				);
				GCC_WARN_64_TO_32_BIT_CONVERSION = YES;
				GCC_WARN_ABOUT_RETURN_TYPE = YES_ERROR;
				GCC_WARN_UNDECLARED_SELECTOR = YES;
				GCC_WARN_UNINITIALIZED_AUTOS = YES_AGGRESSIVE;
				GCC_WARN_UNUSED_FUNCTION = YES;
				GCC_WARN_UNUSED_VARIABLE = YES;
				IPHONEOS_DEPLOYMENT_TARGET = 17.4;
				LOCALIZATION_PREFERS_STRING_CATALOGS = YES;
				MTL_ENABLE_DEBUG_INFO = INCLUDE_SOURCE;
				MTL_FAST_MATH = YES;
				ONLY_ACTIVE_ARCH = YES;
				SDKROOT = iphoneos;
				SWIFT_ACTIVE_COMPILATION_CONDITIONS = "DEBUG $(inherited)";
				SWIFT_OPTIMIZATION_LEVEL = "-Onone";
			};
			name = Debug;
		};
		5625C4FF2C10643B00ECC39E /* Release */ = {
			isa = XCBuildConfiguration;
			buildSettings = {
				ALWAYS_SEARCH_USER_PATHS = NO;
				ASSETCATALOG_COMPILER_GENERATE_SWIFT_ASSET_SYMBOL_EXTENSIONS = YES;
				CLANG_ANALYZER_LOCALIZABILITY_NONLOCALIZED = YES;
				CLANG_ANALYZER_NONNULL = YES;
				CLANG_ANALYZER_NUMBER_OBJECT_CONVERSION = YES_AGGRESSIVE;
				CLANG_CXX_LANGUAGE_STANDARD = "gnu++20";
				CLANG_ENABLE_MODULES = YES;
				CLANG_ENABLE_OBJC_ARC = YES;
				CLANG_ENABLE_OBJC_WEAK = YES;
				CLANG_WARN_BLOCK_CAPTURE_AUTORELEASING = YES;
				CLANG_WARN_BOOL_CONVERSION = YES;
				CLANG_WARN_COMMA = YES;
				CLANG_WARN_CONSTANT_CONVERSION = YES;
				CLANG_WARN_DEPRECATED_OBJC_IMPLEMENTATIONS = YES;
				CLANG_WARN_DIRECT_OBJC_ISA_USAGE = YES_ERROR;
				CLANG_WARN_DOCUMENTATION_COMMENTS = YES;
				CLANG_WARN_EMPTY_BODY = YES;
				CLANG_WARN_ENUM_CONVERSION = YES;
				CLANG_WARN_INFINITE_RECURSION = YES;
				CLANG_WARN_INT_CONVERSION = YES;
				CLANG_WARN_NON_LITERAL_NULL_CONVERSION = YES;
				CLANG_WARN_OBJC_IMPLICIT_RETAIN_SELF = YES;
				CLANG_WARN_OBJC_LITERAL_CONVERSION = YES;
				CLANG_WARN_OBJC_ROOT_CLASS = YES_ERROR;
				CLANG_WARN_QUOTED_INCLUDE_IN_FRAMEWORK_HEADER = YES;
				CLANG_WARN_RANGE_LOOP_ANALYSIS = YES;
				CLANG_WARN_STRICT_PROTOTYPES = YES;
				CLANG_WARN_SUSPICIOUS_MOVE = YES;
				CLANG_WARN_UNGUARDED_AVAILABILITY = YES_AGGRESSIVE;
				CLANG_WARN_UNREACHABLE_CODE = YES;
				CLANG_WARN__DUPLICATE_METHOD_MATCH = YES;
				COPY_PHASE_STRIP = NO;
				DEBUG_INFORMATION_FORMAT = "dwarf-with-dsym";
				ENABLE_NS_ASSERTIONS = NO;
				ENABLE_STRICT_OBJC_MSGSEND = YES;
				ENABLE_USER_SCRIPT_SANDBOXING = YES;
				GCC_C_LANGUAGE_STANDARD = gnu17;
				GCC_NO_COMMON_BLOCKS = YES;
				GCC_WARN_64_TO_32_BIT_CONVERSION = YES;
				GCC_WARN_ABOUT_RETURN_TYPE = YES_ERROR;
				GCC_WARN_UNDECLARED_SELECTOR = YES;
				GCC_WARN_UNINITIALIZED_AUTOS = YES_AGGRESSIVE;
				GCC_WARN_UNUSED_FUNCTION = YES;
				GCC_WARN_UNUSED_VARIABLE = YES;
				IPHONEOS_DEPLOYMENT_TARGET = 17.4;
				LOCALIZATION_PREFERS_STRING_CATALOGS = YES;
				MTL_ENABLE_DEBUG_INFO = NO;
				MTL_FAST_MATH = YES;
				SDKROOT = iphoneos;
				SWIFT_COMPILATION_MODE = wholemodule;
				VALIDATE_PRODUCT = YES;
			};
			name = Release;
		};
		5625C5012C10643B00ECC39E /* Debug */ = {
			isa = XCBuildConfiguration;
			buildSettings = {
				ASSETCATALOG_COMPILER_APPICON_NAME = AppIcon;
				ASSETCATALOG_COMPILER_GLOBAL_ACCENT_COLOR_NAME = AccentColor;
				CODE_SIGN_STYLE = Automatic;
				CURRENT_PROJECT_VERSION = 1;
				DEVELOPMENT_TEAM = RCQK87423Z;
				GENERATE_INFOPLIST_FILE = YES;
				INFOPLIST_FILE = SnakeJazz/Info.plist;
				INFOPLIST_KEY_UIApplicationSupportsIndirectInputEvents = YES;
				INFOPLIST_KEY_UILaunchStoryboardName = LaunchScreen;
				INFOPLIST_KEY_UISupportedInterfaceOrientations_iPad = "UIInterfaceOrientationPortrait UIInterfaceOrientationPortraitUpsideDown UIInterfaceOrientationLandscapeLeft UIInterfaceOrientationLandscapeRight";
				INFOPLIST_KEY_UISupportedInterfaceOrientations_iPhone = "UIInterfaceOrientationPortrait UIInterfaceOrientationLandscapeLeft UIInterfaceOrientationLandscapeRight";
				LD_RUNPATH_SEARCH_PATHS = (
					"$(inherited)",
					"@executable_path/Frameworks",
				);
				MARKETING_VERSION = 1.0;
				PRODUCT_BUNDLE_IDENTIFIER = lluismoratoguardia.SnakeJazz;
				PRODUCT_NAME = "$(TARGET_NAME)";
				SWIFT_EMIT_LOC_STRINGS = YES;
				SWIFT_VERSION = 5.0;
				TARGETED_DEVICE_FAMILY = "1,2";
			};
			name = Debug;
		};
		5625C5022C10643B00ECC39E /* Release */ = {
			isa = XCBuildConfiguration;
			buildSettings = {
				ASSETCATALOG_COMPILER_APPICON_NAME = AppIcon;
				ASSETCATALOG_COMPILER_GLOBAL_ACCENT_COLOR_NAME = AccentColor;
				CODE_SIGN_STYLE = Automatic;
				CURRENT_PROJECT_VERSION = 1;
				DEVELOPMENT_TEAM = RCQK87423Z;
				GENERATE_INFOPLIST_FILE = YES;
				INFOPLIST_FILE = SnakeJazz/Info.plist;
				INFOPLIST_KEY_UIApplicationSupportsIndirectInputEvents = YES;
				INFOPLIST_KEY_UILaunchStoryboardName = LaunchScreen;
				INFOPLIST_KEY_UISupportedInterfaceOrientations_iPad = "UIInterfaceOrientationPortrait UIInterfaceOrientationPortraitUpsideDown UIInterfaceOrientationLandscapeLeft UIInterfaceOrientationLandscapeRight";
				INFOPLIST_KEY_UISupportedInterfaceOrientations_iPhone = "UIInterfaceOrientationPortrait UIInterfaceOrientationLandscapeLeft UIInterfaceOrientationLandscapeRight";
				LD_RUNPATH_SEARCH_PATHS = (
					"$(inherited)",
					"@executable_path/Frameworks",
				);
				MARKETING_VERSION = 1.0;
				PRODUCT_BUNDLE_IDENTIFIER = lluismoratoguardia.SnakeJazz;
				PRODUCT_NAME = "$(TARGET_NAME)";
				SWIFT_EMIT_LOC_STRINGS = YES;
				SWIFT_VERSION = 5.0;
				TARGETED_DEVICE_FAMILY = "1,2";
			};
			name = Release;
		};
		5625C5042C10643B00ECC39E /* Debug */ = {
			isa = XCBuildConfiguration;
			buildSettings = {
				ALWAYS_EMBED_SWIFT_STANDARD_LIBRARIES = YES;
				BUNDLE_LOADER = "$(TEST_HOST)";
				CODE_SIGN_STYLE = Automatic;
				CURRENT_PROJECT_VERSION = 1;
				DEVELOPMENT_TEAM = RCQK87423Z;
				GENERATE_INFOPLIST_FILE = YES;
				IPHONEOS_DEPLOYMENT_TARGET = 17.4;
				MARKETING_VERSION = 1.0;
				PRODUCT_BUNDLE_IDENTIFIER = lluismoratoguardia.SnakeJazzTests;
				PRODUCT_NAME = "$(TARGET_NAME)";
				SWIFT_EMIT_LOC_STRINGS = NO;
				SWIFT_VERSION = 5.0;
				TARGETED_DEVICE_FAMILY = "1,2";
				TEST_HOST = "$(BUILT_PRODUCTS_DIR)/SnakeJazz.app/$(BUNDLE_EXECUTABLE_FOLDER_PATH)/SnakeJazz";
			};
			name = Debug;
		};
		5625C5052C10643B00ECC39E /* Release */ = {
			isa = XCBuildConfiguration;
			buildSettings = {
				ALWAYS_EMBED_SWIFT_STANDARD_LIBRARIES = YES;
				BUNDLE_LOADER = "$(TEST_HOST)";
				CODE_SIGN_STYLE = Automatic;
				CURRENT_PROJECT_VERSION = 1;
				DEVELOPMENT_TEAM = RCQK87423Z;
				GENERATE_INFOPLIST_FILE = YES;
				IPHONEOS_DEPLOYMENT_TARGET = 17.4;
				MARKETING_VERSION = 1.0;
				PRODUCT_BUNDLE_IDENTIFIER = lluismoratoguardia.SnakeJazzTests;
				PRODUCT_NAME = "$(TARGET_NAME)";
				SWIFT_EMIT_LOC_STRINGS = NO;
				SWIFT_VERSION = 5.0;
				TARGETED_DEVICE_FAMILY = "1,2";
				TEST_HOST = "$(BUILT_PRODUCTS_DIR)/SnakeJazz.app/$(BUNDLE_EXECUTABLE_FOLDER_PATH)/SnakeJazz";
			};
			name = Release;
		};
		5625C5072C10643B00ECC39E /* Debug */ = {
			isa = XCBuildConfiguration;
			buildSettings = {
				ALWAYS_EMBED_SWIFT_STANDARD_LIBRARIES = YES;
				CODE_SIGN_STYLE = Automatic;
				CURRENT_PROJECT_VERSION = 1;
				DEVELOPMENT_TEAM = RCQK87423Z;
				GENERATE_INFOPLIST_FILE = YES;
				MARKETING_VERSION = 1.0;
				PRODUCT_BUNDLE_IDENTIFIER = lluismoratoguardia.SnakeJazzUITests;
				PRODUCT_NAME = "$(TARGET_NAME)";
				SWIFT_EMIT_LOC_STRINGS = NO;
				SWIFT_VERSION = 5.0;
				TARGETED_DEVICE_FAMILY = "1,2";
				TEST_TARGET_NAME = SnakeJazz;
			};
			name = Debug;
		};
		5625C5082C10643B00ECC39E /* Release */ = {
			isa = XCBuildConfiguration;
			buildSettings = {
				ALWAYS_EMBED_SWIFT_STANDARD_LIBRARIES = YES;
				CODE_SIGN_STYLE = Automatic;
				CURRENT_PROJECT_VERSION = 1;
				DEVELOPMENT_TEAM = RCQK87423Z;
				GENERATE_INFOPLIST_FILE = YES;
				MARKETING_VERSION = 1.0;
				PRODUCT_BUNDLE_IDENTIFIER = lluismoratoguardia.SnakeJazzUITests;
				PRODUCT_NAME = "$(TARGET_NAME)";
				SWIFT_EMIT_LOC_STRINGS = NO;
				SWIFT_VERSION = 5.0;
				TARGETED_DEVICE_FAMILY = "1,2";
				TEST_TARGET_NAME = SnakeJazz;
			};
			name = Release;
		};
/* End XCBuildConfiguration section */

/* Begin XCConfigurationList section */
		5625C4D12C10643900ECC39E /* Build configuration list for PBXProject "SnakeJazz" */ = {
			isa = XCConfigurationList;
			buildConfigurations = (
				5625C4FE2C10643B00ECC39E /* Debug */,
				5625C4FF2C10643B00ECC39E /* Release */,
			);
			defaultConfigurationIsVisible = 0;
			defaultConfigurationName = Release;
		};
		5625C5002C10643B00ECC39E /* Build configuration list for PBXNativeTarget "SnakeJazz" */ = {
			isa = XCConfigurationList;
			buildConfigurations = (
				5625C5012C10643B00ECC39E /* Debug */,
				5625C5022C10643B00ECC39E /* Release */,
			);
			defaultConfigurationIsVisible = 0;
			defaultConfigurationName = Release;
		};
		5625C5032C10643B00ECC39E /* Build configuration list for PBXNativeTarget "SnakeJazzTests" */ = {
			isa = XCConfigurationList;
			buildConfigurations = (
				5625C5042C10643B00ECC39E /* Debug */,
				5625C5052C10643B00ECC39E /* Release */,
			);
			defaultConfigurationIsVisible = 0;
			defaultConfigurationName = Release;
		};
		5625C5062C10643B00ECC39E /* Build configuration list for PBXNativeTarget "SnakeJazzUITests" */ = {
			isa = XCConfigurationList;
			buildConfigurations = (
				5625C5072C10643B00ECC39E /* Debug */,
				5625C5082C10643B00ECC39E /* Release */,
			);
			defaultConfigurationIsVisible = 0;
			defaultConfigurationName = Release;
		};
/* End XCConfigurationList section */
	};
	rootObject = 5625C4CE2C10643900ECC39E /* Project object */;
}
